{
  "nodes": {
    "nixpkgs": {
      "locked": {
        "lastModified": 1756291579,
        "narHash": "sha256-fAvzJW6BfWdP1PAXG6yIACJbCwvtrS0XZROrUxDXNNU=",
        "owner": "nixos",
        "repo": "nixpkgs",
        "rev": "c9c00f8f2df48257e62bca3dd8e16f4ea3c38565",
        "type": "github"
      },
      "original": {
        "owner": "nixos",
        "ref": "release-25.05",
        "repo": "nixpkgs",
        "type": "github"
      }
    },
    "root": {
      "inputs": {
        "nixpkgs": "nixpkgs"
      }
    }
  },
  "root": "root",
  "version": 7
}
